// !$*UTF8*$!
{
	archiveVersion = 1;
	classes = {
	};
	objectVersion = 77;
	objects = {

/* Begin PBXBuildFile section */
		4039FA282F783331B4AC625F /* MLXLMCommon in Frameworks */ = {isa = PBXBuildFile; productRef = C635DF1F4945355A30BDA607 /* MLXLMCommon */; };
		718D29D73B71A4366985E364 /* MLXLLM in Frameworks */ = {isa = PBXBuildFile; productRef = 297951FA3B0C640523A91A09 /* MLXLLM */; };
		8379F1A52F8B280800A7A00E /* BabyLogCore in Frameworks */ = {isa = PBXBuildFile; productRef = 8379F1A42F8B280800A7A00E /* BabyLogCore */; };
		837AE001000000000000G4HF /* MLXHuggingFace in Frameworks */ = {isa = PBXBuildFile; productRef = 837AE000000000000000G4HF /* MLXHuggingFace */; };
		B3B10000000000000000AA01 /* Tokenizers in Frameworks */ = {isa = PBXBuildFile; productRef = B2B10000000000000000AA01 /* Tokenizers */; };
		B3B10000000000000000AA02 /* Hub in Frameworks */ = {isa = PBXBuildFile; productRef = B2B10000000000000000AA02 /* Hub */; };
		B3B10000000000000000AA03 /* HuggingFace in Frameworks */ = {isa = PBXBuildFile; productRef = B2B10000000000000000AA03 /* HuggingFace */; };
/* End PBXBuildFile section */

/* Begin PBXContainerItemProxy section */
		8379E7EA2F8B0CC700A7A00E /* PBXContainerItemProxy */ = {
			isa = PBXContainerItemProxy;
			containerPortal = 8379E7D42F8B0CC500A7A00E /* Project object */;
			proxyType = 1;
			remoteGlobalIDString = 8379E7DB2F8B0CC500A7A00E;
			remoteInfo = BabyLog;
		};
		8379E7F42F8B0CC700A7A00E /* PBXContainerItemProxy */ = {
			isa = PBXContainerItemProxy;
			containerPortal = 8379E7D42F8B0CC500A7A00E /* Project object */;
			proxyType = 1;
			remoteGlobalIDString = 8379E7DB2F8B0CC500A7A00E;
			remoteInfo = BabyLog;
		};
/* End PBXContainerItemProxy section */

/* Begin PBXFileReference section */
		8379E7DC2F8B0CC500A7A00E /* BabyLog.app */ = {isa = PBXFileReference; explicitFileType = wrapper.application; includeInIndex = 0; path = BabyLog.app; sourceTree = BUILT_PRODUCTS_DIR; };
		8379E7E92F8B0CC700A7A00E /* BabyLogTests.xctest */ = {isa = PBXFileReference; explicitFileType = wrapper.cfbundle; includeInIndex = 0; path = BabyLogTests.xctest; sourceTree = BUILT_PRODUCTS_DIR; };
		8379E7F32F8B0CC700A7A00E /* BabyLogUITests.xctest */ = {isa = PBXFileReference; explicitFileType = wrapper.cfbundle; includeInIndex = 0; path = BabyLogUITests.xctest; sourceTree = BUILT_PRODUCTS_DIR; };
/* End PBXFileReference section */

/* Begin PBXFileSystemSynchronizedRootGroup section */
		8379E7DE2F8B0CC500A7A00E /* BabyLog */ = {
			isa = PBXFileSystemSynchronizedRootGroup;
			path = BabyLog;
			sourceTree = "<group>";
		};
		8379E7EC2F8B0CC700A7A00E /* BabyLogTests */ = {
			isa = PBXFileSystemSynchronizedRootGroup;
			path = BabyLogTests;
			sourceTree = "<group>";
		};
		8379E7F62F8B0CC700A7A00E /* BabyLogUITests */ = {
			isa = PBXFileSystemSynchronizedRootGroup;
			path = BabyLogUITests;
			sourceTree = "<group>";
		};
/* End PBXFileSystemSynchronizedRootGroup section */

/* Begin PBXFrameworksBuildPhase section */
		8379E7D92F8B0CC500A7A00E /* Frameworks */ = {
			isa = PBXFrameworksBuildPhase;
			buildActionMask = 2147483647;
			files = (
				8379F1A52F8B280800A7A00E /* BabyLogCore in Frameworks */,
				718D29D73B71A4366985E364 /* MLXLLM in Frameworks */,
				4039FA282F783331B4AC625F /* MLXLMCommon in Frameworks */,
				837AE001000000000000G4HF /* MLXHuggingFace in Frameworks */,
				B3B10000000000000000AA01 /* Tokenizers in Frameworks */,
				B3B10000000000000000AA02 /* Hub in Frameworks */,
				B3B10000000000000000AA03 /* HuggingFace in Frameworks */,
			);
			runOnlyForDeploymentPostprocessing = 0;
		};
		8379E7E62F8B0CC700A7A00E /* Frameworks */ = {
			isa = PBXFrameworksBuildPhase;
			buildActionMask = 2147483647;
			files = (
			);
			runOnlyForDeploymentPostprocessing = 0;
		};
		8379E7F02F8B0CC700A7A00E /* Frameworks */ = {
			isa = PBXFrameworksBuildPhase;
			buildActionMask = 2147483647;
			files = (
			);
			runOnlyForDeploymentPostprocessing = 0;
		};
/* End PBXFrameworksBuildPhase section */

/* Begin PBXGroup section */
		8379E7D32F8B0CC500A7A00E = {
			isa = PBXGroup;
			children = (
				8379E7DE2F8B0CC500A7A00E /* BabyLog */,
				8379E7EC2F8B0CC700A7A00E /* BabyLogTests */,
				8379E7F62F8B0CC700A7A00E /* BabyLogUITests */,
				8379E7DD2F8B0CC500A7A00E /* Products */,
			);
			sourceTree = "<group>";
		};
		8379E7DD2F8B0CC500A7A00E /* Products */ = {
			isa = PBXGroup;
			children = (
				8379E7DC2F8B0CC500A7A00E /* BabyLog.app */,
				8379E7E92F8B0CC700A7A00E /* BabyLogTests.xctest */,
				8379E7F32F8B0CC700A7A00E /* BabyLogUITests.xctest */,
			);
			name = Products;
			sourceTree = "<group>";
		};
/* End PBXGroup section */

/* Begin PBXNativeTarget section */
		8379E7DB2F8B0CC500A7A00E /* BabyLog */ = {
			isa = PBXNativeTarget;
			buildConfigurationList = 8379E7FD2F8B0CC700A7A00E /* Build configuration list for PBXNativeTarget "BabyLog" */;
			buildPhases = (
				8379E7D82F8B0CC500A7A00E /* Sources */,
				8379E7D92F8B0CC500A7A00E /* Frameworks */,
				8379E7DA2F8B0CC500A7A00E /* Resources */,
			);
			buildRules = (
			);
			dependencies = (
			);
			fileSystemSynchronizedGroups = (
				8379E7DE2F8B0CC500A7A00E /* BabyLog */,
			);
			name = BabyLog;
			packageProductDependencies = (
				8379F1A42F8B280800A7A00E /* BabyLogCore */,
				297951FA3B0C640523A91A09 /* MLXLLM */,
				C635DF1F4945355A30BDA607 /* MLXLMCommon */,
				837AE000000000000000G4HF /* MLXHuggingFace */,
				B2B10000000000000000AA01 /* Tokenizers */,
				B2B10000000000000000AA02 /* Hub */,
				B2B10000000000000000AA03 /* HuggingFace */,
			);
			productName = BabyLog;
			productReference = 8379E7DC2F8B0CC500A7A00E /* BabyLog.app */;
			productType = "com.apple.product-type.application";
		};
		8379E7E82F8B0CC700A7A00E /* BabyLogTests */ = {
			isa = PBXNativeTarget;
			buildConfigurationList = 8379E8002F8B0CC700A7A00E /* Build configuration list for PBXNativeTarget "BabyLogTests" */;
			buildPhases = (
				8379E7E52F8B0CC700A7A00E /* Sources */,
				8379E7E62F8B0CC700A7A00E /* Frameworks */,
				8379E7E72F8B0CC700A7A00E /* Resources */,
			);
			buildRules = (
			);
			dependencies = (
				8379E7EB2F8B0CC700A7A00E /* PBXTargetDependency */,
			);
			fileSystemSynchronizedGroups = (
				8379E7EC2F8B0CC700A7A00E /* BabyLogTests */,
			);
			name = BabyLogTests;
			productName = BabyLogTests;
			productReference = 8379E7E92F8B0CC700A7A00E /* BabyLogTests.xctest */;
			productType = "com.apple.product-type.bundle.unit-test";
		};
		8379E7F22F8B0CC700A7A00E /* BabyLogUITests */ = {
			isa = PBXNativeTarget;
			buildConfigurationList = 8379E8032F8B0CC700A7A00E /* Build configuration list for PBXNativeTarget "BabyLogUITests" */;
			buildPhases = (
				8379E7EF2F8B0CC700A7A00E /* Sources */,
				8379E7F02F8B0CC700A7A00E /* Frameworks */,
				8379E7F12F8B0CC700A7A00E /* Resources */,
			);
			buildRules = (
			);
			dependencies = (
				8379E7F52F8B0CC700A7A00E /* PBXTargetDependency */,
			);
			fileSystemSynchronizedGroups = (
				8379E7F62F8B0CC700A7A00E /* BabyLogUITests */,
			);
			name = BabyLogUITests;
			productName = BabyLogUITests;
			productReference = 8379E7F32F8B0CC700A7A00E /* BabyLogUITests.xctest */;
			productType = "com.apple.product-type.bundle.ui-testing";
		};
/* End PBXNativeTarget section */

/* Begin PBXProject section */
		8379E7D42F8B0CC500A7A00E /* Project object */ = {
			isa = PBXProject;
			attributes = {
				BuildIndependentTargetsInParallel = 1;
				LastSwiftUpdateCheck = 2640;
				LastUpgradeCheck = 2640;
				TargetAttributes = {
					8379E7DB2F8B0CC500A7A00E = {
						CreatedOnToolsVersion = 26.4;
					};
					8379E7E82F8B0CC700A7A00E = {
						CreatedOnToolsVersion = 26.4;
						TestTargetID = 8379E7DB2F8B0CC500A7A00E;
					};
					8379E7F22F8B0CC700A7A00E = {
						CreatedOnToolsVersion = 26.4;
						TestTargetID = 8379E7DB2F8B0CC500A7A00E;
					};
				};
			};
			buildConfigurationList = 8379E7D72F8B0CC500A7A00E /* Build configuration list for PBXProject "BabyLog" */;
			developmentRegion = en;
			hasScannedForEncodings = 0;
			knownRegions = (
				en,
				Base,
			);
			mainGroup = 8379E7D32F8B0CC500A7A00E;
			minimizedProjectReferenceProxies = 1;
			packageReferences = (
				8379F1A32F8B280800A7A00E /* XCLocalSwiftPackageReference "BabyLogCore" */,
				A5559693A57D6D7F344583D5 /* XCRemoteSwiftPackageReference "mlx-swift-lm" */,
				B1B10000000000000000AA01 /* XCRemoteSwiftPackageReference "swift-transformers" */,
				B1B10000000000000000AA02 /* XCRemoteSwiftPackageReference "swift-huggingface" */,
			);
			preferredProjectObjectVersion = 77;
			productRefGroup = 8379E7DD2F8B0CC500A7A00E /* Products */;
			projectDirPath = "";
			projectRoot = "";
			targets = (
				8379E7DB2F8B0CC500A7A00E /* BabyLog */,
				8379E7E82F8B0CC700A7A00E /* BabyLogTests */,
				8379E7F22F8B0CC700A7A00E /* BabyLogUITests */,
			);
		};
/* End PBXProject section */

/* Begin PBXResourcesBuildPhase section */
		8379E7DA2F8B0CC500A7A00E /* Resources */ = {
			isa = PBXResourcesBuildPhase;
			buildActionMask = 2147483647;
			files = (
			);
			runOnlyForDeploymentPostprocessing = 0;
		};
		8379E7E72F8B0CC700A7A00E /* Resources */ = {
			isa = PBXResourcesBuildPhase;
			buildActionMask = 2147483647;
			files = (
			);
			runOnlyForDeploymentPostprocessing = 0;
		};
		8379E7F12F8B0CC700A7A00E /* Resources */ = {
			isa = PBXResourcesBuildPhase;
			buildActionMask = 2147483647;
			files = (
			);
			runOnlyForDeploymentPostprocessing = 0;
		};
/* End PBXResourcesBuildPhase section */

/* Begin PBXSourcesBuildPhase section */
		8379E7D82F8B0CC500A7A00E /* Sources */ = {
			isa = PBXSourcesBuildPhase;
			buildActionMask = 2147483647;
			files = (
			);
			runOnlyForDeploymentPostprocessing = 0;
		};
		8379E7E52F8B0CC700A7A00E /* Sources */ = {
			isa = PBXSourcesBuildPhase;
			buildActionMask = 2147483647;
			files = (
			);
			runOnlyForDeploymentPostprocessing = 0;
		};
		8379E7EF2F8B0CC700A7A00E /* Sources */ = {
			isa = PBXSourcesBuildPhase;
			buildActionMask = 2147483647;
			files = (
			);
			runOnlyForDeploymentPostprocessing = 0;
		};
/* End PBXSourcesBuildPhase section */

/* Begin PBXTargetDependency section */
		8379E7EB2F8B0CC700A7A00E /* PBXTargetDependency */ = {
			isa = PBXTargetDependency;
			target = 8379E7DB2F8B0CC500A7A00E /* BabyLog */;
			targetProxy = 8379E7EA2F8B0CC700A7A00E /* PBXContainerItemProxy */;
		};
		8379E7F52F8B0CC700A7A00E /* PBXTargetDependency */ = {
			isa = PBXTargetDependency;
			target = 8379E7DB2F8B0CC500A7A00E /* BabyLog */;
			targetProxy = 8379E7F42F8B0CC700A7A00E /* PBXContainerItemProxy */;
		};
/* End PBXTargetDependency section */

/* Begin XCBuildConfiguration section */
		8379E7FB2F8B0CC700A7A00E /* Debug */ = {
			isa = XCBuildConfiguration;
			buildSettings = {
				ALWAYS_SEARCH_USER_PATHS = NO;
				ASSETCATALOG_COMPILER_GENERATE_SWIFT_ASSET_SYMBOL_EXTENSIONS = YES;
				CLANG_ANALYZER_NONNULL = YES;
				CLANG_ANALYZER_NUMBER_OBJECT_CONVERSION = YES_AGGRESSIVE;
				CLANG_CXX_LANGUAGE_STANDARD = "gnu++20";
				CLANG_ENABLE_MODULES = YES;
				CLANG_ENABLE_OBJC_ARC = YES;
				CLANG_ENABLE_OBJC_WEAK = YES;
				CLANG_WARN_BLOCK_CAPTURE_AUTORELEASING = YES;
				CLANG_WARN_BOOL_CONVERSION = YES;
				CLANG_WARN_COMMA = YES;
				CLANG_WARN_CONSTANT_CONVERSION = YES;
				CLANG_WARN_DEPRECATED_OBJC_IMPLEMENTATIONS = YES;
				CLANG_WARN_DIRECT_OBJC_ISA_USAGE = YES_ERROR;
				CLANG_WARN_DOCUMENTATION_COMMENTS = YES;
				CLANG_WARN_EMPTY_BODY = YES;
				CLANG_WARN_ENUM_CONVERSION = YES;
				CLANG_WARN_INFINITE_RECURSION = YES;
				CLANG_WARN_INT_CONVERSION = YES;
				CLANG_WARN_NON_LITERAL_NULL_CONVERSION = YES;
				CLANG_WARN_OBJC_IMPLICIT_RETAIN_SELF = YES;
				CLANG_WARN_OBJC_LITERAL_CONVERSION = YES;
				CLANG_WARN_OBJC_ROOT_CLASS = YES_ERROR;
				CLANG_WARN_QUOTED_INCLUDE_IN_FRAMEWORK_HEADER = YES;
				CLANG_WARN_RANGE_LOOP_ANALYSIS = YES;
				CLANG_WARN_STRICT_PROTOTYPES = YES;
				CLANG_WARN_SUSPICIOUS_MOVE = YES;
				CLANG_WARN_UNGUARDED_AVAILABILITY = YES_AGGRESSIVE;
				CLANG_WARN_UNREACHABLE_CODE = YES;
				CLANG_WARN__DUPLICATE_METHOD_MATCH = YES;
				COPY_PHASE_STRIP = NO;
				DEBUG_INFORMATION_FORMAT = dwarf;
				ENABLE_STRICT_OBJC_MSGSEND = YES;
				ENABLE_TESTABILITY = YES;
				ENABLE_USER_SCRIPT_SANDBOXING = YES;
				GCC_C_LANGUAGE_STANDARD = gnu17;
				GCC_DYNAMIC_NO_PIC = NO;
				GCC_NO_COMMON_BLOCKS = YES;
				GCC_OPTIMIZATION_LEVEL = 0;
				GCC_PREPROCESSOR_DEFINITIONS = (
					"DEBUG=1",
					"$(inherited)",
				);
				GCC_WARN_64_TO_32_BIT_CONVERSION = YES;
				GCC_WARN_ABOUT_RETURN_TYPE = YES_ERROR;
				GCC_WARN_UNDECLARED_SELECTOR = YES;
				GCC_WARN_UNINITIALIZED_AUTOS = YES_AGGRESSIVE;
				GCC_WARN_UNUSED_FUNCTION = YES;
				GCC_WARN_UNUSED_VARIABLE = YES;
				IPHONEOS_DEPLOYMENT_TARGET = 26.0;
				LOCALIZATION_PREFERS_STRING_CATALOGS = YES;
				MTL_ENABLE_DEBUG_INFO = INCLUDE_SOURCE;
				MTL_FAST_MATH = YES;
				ONLY_ACTIVE_ARCH = YES;
				SDKROOT = iphoneos;
				SWIFT_ACTIVE_COMPILATION_CONDITIONS = "DEBUG $(inherited)";
				SWIFT_OPTIMIZATION_LEVEL = "-Onone";
			};
			name = Debug;
		};
		8379E7FC2F8B0CC700A7A00E /* Release */ = {
			isa = XCBuildConfiguration;
			buildSettings = {
				ALWAYS_SEARCH_USER_PATHS = NO;
				ASSETCATALOG_COMPILER_GENERATE_SWIFT_ASSET_SYMBOL_EXTENSIONS = YES;
				CLANG_ANALYZER_NONNULL = YES;
				CLANG_ANALYZER_NUMBER_OBJECT_CONVERSION = YES_AGGRESSIVE;
				CLANG_CXX_LANGUAGE_STANDARD = "gnu++20";
				CLANG_ENABLE_MODULES = YES;
				CLANG_ENABLE_OBJC_ARC = YES;
				CLANG_ENABLE_OBJC_WEAK = YES;
				CLANG_WARN_BLOCK_CAPTURE_AUTORELEASING = YES;
				CLANG_WARN_BOOL_CONVERSION = YES;
				CLANG_WARN_COMMA = YES;
				CLANG_WARN_CONSTANT_CONVERSION = YES;
				CLANG_WARN_DEPRECATED_OBJC_IMPLEMENTATIONS = YES;
				CLANG_WARN_DIRECT_OBJC_ISA_USAGE = YES_ERROR;
				CLANG_WARN_DOCUMENTATION_COMMENTS = YES;
				CLANG_WARN_EMPTY_BODY = YES;
				CLANG_WARN_ENUM_CONVERSION = YES;
				CLANG_WARN_INFINITE_RECURSION = YES;
				CLANG_WARN_INT_CONVERSION = YES;
				CLANG_WARN_NON_LITERAL_NULL_CONVERSION = YES;
				CLANG_WARN_OBJC_IMPLICIT_RETAIN_SELF = YES;
				CLANG_WARN_OBJC_LITERAL_CONVERSION = YES;
				CLANG_WARN_OBJC_ROOT_CLASS = YES_ERROR;
				CLANG_WARN_QUOTED_INCLUDE_IN_FRAMEWORK_HEADER = YES;
				CLANG_WARN_RANGE_LOOP_ANALYSIS = YES;
				CLANG_WARN_STRICT_PROTOTYPES = YES;
				CLANG_WARN_SUSPICIOUS_MOVE = YES;
				CLANG_WARN_UNGUARDED_AVAILABILITY = YES_AGGRESSIVE;
				CLANG_WARN_UNREACHABLE_CODE = YES;
				CLANG_WARN__DUPLICATE_METHOD_MATCH = YES;
				COPY_PHASE_STRIP = NO;
				DEBUG_INFORMATION_FORMAT = "dwarf-with-dsym";
				ENABLE_NS_ASSERTIONS = NO;
				ENABLE_STRICT_OBJC_MSGSEND = YES;
				ENABLE_USER_SCRIPT_SANDBOXING = YES;
				GCC_C_LANGUAGE_STANDARD = gnu17;
				GCC_NO_COMMON_BLOCKS = YES;
				GCC_WARN_64_TO_32_BIT_CONVERSION = YES;
				GCC_WARN_ABOUT_RETURN_TYPE = YES_ERROR;
				GCC_WARN_UNDECLARED_SELECTOR = YES;
				GCC_WARN_UNINITIALIZED_AUTOS = YES_AGGRESSIVE;
				GCC_WARN_UNUSED_FUNCTION = YES;
				GCC_WARN_UNUSED_VARIABLE = YES;
				IPHONEOS_DEPLOYMENT_TARGET = 26.0;
				LOCALIZATION_PREFERS_STRING_CATALOGS = YES;
				MTL_ENABLE_DEBUG_INFO = NO;
				MTL_FAST_MATH = YES;
				SDKROOT = iphoneos;
				SWIFT_COMPILATION_MODE = wholemodule;
				VALIDATE_PRODUCT = YES;
			};
			name = Release;
		};
		8379E7FE2F8B0CC700A7A00E /* Debug */ = {
			isa = XCBuildConfiguration;
			buildSettings = {
				ASSETCATALOG_COMPILER_APPICON_NAME = AppIcon;
				ASSETCATALOG_COMPILER_GLOBAL_ACCENT_COLOR_NAME = AccentColor;
				CODE_SIGN_ENTITLEMENTS = BabyLog/BabyLog.entitlements;
				CODE_SIGN_STYLE = Automatic;
				CURRENT_PROJECT_VERSION = 9;
				DEVELOPMENT_TEAM = WPQCQE4HTE;
				ENABLE_PREVIEWS = YES;
				GENERATE_INFOPLIST_FILE = YES;
				INFOPLIST_FILE = Info.plist;
				INFOPLIST_KEY_ITSAppUsesNonExemptEncryption = NO;
				INFOPLIST_KEY_NSCalendarsFullAccessUsageDescription = "BabyLog adds your baby's medical appointments to your iPhone Calendar so you\n  get reminders alongside your other events.";
				INFOPLIST_KEY_NSMicrophoneUsageDescription = "BabyLog listens to short voice notes so you can log a feed, diaper, or milestone hands-free while holding the baby.";
				INFOPLIST_KEY_NSPhotoLibraryUsageDescription = "BabyLog needs photo library access so you can attach baby photos to the chat.";
				INFOPLIST_KEY_NSSpeechRecognitionUsageDescription = "BabyLog transcribes your voice on-device to turn what you said into a log entry. Audio never leaves your device.";
				INFOPLIST_KEY_UIApplicationSceneManifest_Generation = YES;
				INFOPLIST_KEY_UIApplicationSupportsIndirectInputEvents = YES;
				INFOPLIST_KEY_UILaunchScreen_Generation = YES;
				INFOPLIST_KEY_UISupportedInterfaceOrientations_iPad = "UIInterfaceOrientationPortrait UIInterfaceOrientationPortraitUpsideDown UIInterfaceOrientationLandscapeLeft UIInterfaceOrientationLandscapeRight";
				INFOPLIST_KEY_UISupportedInterfaceOrientations_iPhone = "UIInterfaceOrientationPortrait UIInterfaceOrientationLandscapeLeft UIInterfaceOrientationLandscapeRight";
				LD_RUNPATH_SEARCH_PATHS = (
					"$(inherited)",
					"@executable_path/Frameworks",
				);
				MARKETING_VERSION = 1.0;
				PRODUCT_BUNDLE_IDENTIFIER = com.yewwee.BabyLog;
				PRODUCT_NAME = "$(TARGET_NAME)";
				STRING_CATALOG_GENERATE_SYMBOLS = YES;
				SWIFT_APPROACHABLE_CONCURRENCY = YES;
				SWIFT_DEFAULT_ACTOR_ISOLATION = MainActor;
				SWIFT_EMIT_LOC_STRINGS = YES;
				SWIFT_UPCOMING_FEATURE_MEMBER_IMPORT_VISIBILITY = YES;
				SWIFT_VERSION = 5.0;
				TARGETED_DEVICE_FAMILY = "1,2";
			};
			name = Debug;
		};
		8379E7FF2F8B0CC700A7A00E /* Release */ = {
			isa = XCBuildConfiguration;
			buildSettings = {
				ASSETCATALOG_COMPILER_APPICON_NAME = AppIcon;
				ASSETCATALOG_COMPILER_GLOBAL_ACCENT_COLOR_NAME = AccentColor;
				CODE_SIGN_ENTITLEMENTS = BabyLog/BabyLog.entitlements;
				CODE_SIGN_STYLE = Automatic;
				CURRENT_PROJECT_VERSION = 9;
				DEVELOPMENT_TEAM = WPQCQE4HTE;
				ENABLE_PREVIEWS = YES;
				GENERATE_INFOPLIST_FILE = YES;
				INFOPLIST_FILE = Info.plist;
				INFOPLIST_KEY_ITSAppUsesNonExemptEncryption = NO;
				INFOPLIST_KEY_NSCalendarsFullAccessUsageDescription = "BabyLog adds your baby's medical appointments to your iPhone Calendar so you\n  get reminders alongside your other events.";
				INFOPLIST_KEY_NSMicrophoneUsageDescription = "BabyLog listens to short voice notes so you can log a feed, diaper, or milestone hands-free while holding the baby.";
				INFOPLIST_KEY_NSPhotoLibraryUsageDescription = "BabyLog needs photo library access so you can attach baby photos to the chat.";
				INFOPLIST_KEY_NSSpeechRecognitionUsageDescription = "BabyLog transcribes your voice on-device to turn what you said into a log entry. Audio never leaves your device.";
				INFOPLIST_KEY_UIApplicationSceneManifest_Generation = YES;
				INFOPLIST_KEY_UIApplicationSupportsIndirectInputEvents = YES;
				INFOPLIST_KEY_UILaunchScreen_Generation = YES;
				INFOPLIST_KEY_UISupportedInterfaceOrientations_iPad = "UIInterfaceOrientationPortrait UIInterfaceOrientationPortraitUpsideDown UIInterfaceOrientationLandscapeLeft UIInterfaceOrientationLandscapeRight";
				INFOPLIST_KEY_UISupportedInterfaceOrientations_iPhone = "UIInterfaceOrientationPortrait UIInterfaceOrientationLandscapeLeft UIInterfaceOrientationLandscapeRight";
				LD_RUNPATH_SEARCH_PATHS = (
					"$(inherited)",
					"@executable_path/Frameworks",
				);
				MARKETING_VERSION = 1.0;
				PRODUCT_BUNDLE_IDENTIFIER = com.yewwee.BabyLog;
				PRODUCT_NAME = "$(TARGET_NAME)";
				STRING_CATALOG_GENERATE_SYMBOLS = YES;
				SWIFT_APPROACHABLE_CONCURRENCY = YES;
				SWIFT_DEFAULT_ACTOR_ISOLATION = MainActor;
				SWIFT_EMIT_LOC_STRINGS = YES;
				SWIFT_UPCOMING_FEATURE_MEMBER_IMPORT_VISIBILITY = YES;
				SWIFT_VERSION = 5.0;
				TARGETED_DEVICE_FAMILY = "1,2";
			};
			name = Release;
		};
		8379E8012F8B0CC700A7A00E /* Debug */ = {
			isa = XCBuildConfiguration;
			buildSettings = {
				BUNDLE_LOADER = "$(TEST_HOST)";
				CODE_SIGN_STYLE = Automatic;
				CURRENT_PROJECT_VERSION = 9;
				GENERATE_INFOPLIST_FILE = YES;
				IPHONEOS_DEPLOYMENT_TARGET = 26.0;
				MARKETING_VERSION = 1.0;
				PRODUCT_BUNDLE_IDENTIFIER = com.yewwee.BabyLogTests;
				PRODUCT_NAME = "$(TARGET_NAME)";
				STRING_CATALOG_GENERATE_SYMBOLS = NO;
				SWIFT_APPROACHABLE_CONCURRENCY = YES;
				SWIFT_EMIT_LOC_STRINGS = NO;
				SWIFT_UPCOMING_FEATURE_MEMBER_IMPORT_VISIBILITY = YES;
				SWIFT_VERSION = 5.0;
				TARGETED_DEVICE_FAMILY = "1,2";
				TEST_HOST = "$(BUILT_PRODUCTS_DIR)/BabyLog.app/$(BUNDLE_EXECUTABLE_FOLDER_PATH)/BabyLog";
			};
			name = Debug;
		};
		8379E8022F8B0CC700A7A00E /* Release */ = {
			isa = XCBuildConfiguration;
			buildSettings = {
				BUNDLE_LOADER = "$(TEST_HOST)";
				CODE_SIGN_STYLE = Automatic;
				CURRENT_PROJECT_VERSION = 9;
				GENERATE_INFOPLIST_FILE = YES;
				IPHONEOS_DEPLOYMENT_TARGET = 26.0;
				MARKETING_VERSION = 1.0;
				PRODUCT_BUNDLE_IDENTIFIER = com.yewwee.BabyLogTests;
				PRODUCT_NAME = "$(TARGET_NAME)";
				STRING_CATALOG_GENERATE_SYMBOLS = NO;
				SWIFT_APPROACHABLE_CONCURRENCY = YES;
				SWIFT_EMIT_LOC_STRINGS = NO;
				SWIFT_UPCOMING_FEATURE_MEMBER_IMPORT_VISIBILITY = YES;
				SWIFT_VERSION = 5.0;
				TARGETED_DEVICE_FAMILY = "1,2";
				TEST_HOST = "$(BUILT_PRODUCTS_DIR)/BabyLog.app/$(BUNDLE_EXECUTABLE_FOLDER_PATH)/BabyLog";
			};
			name = Release;
		};
		8379E8042F8B0CC700A7A00E /* Debug */ = {
			isa = XCBuildConfiguration;
			buildSettings = {
				CODE_SIGN_STYLE = Automatic;
				CURRENT_PROJECT_VERSION = 9;
				GENERATE_INFOPLIST_FILE = YES;
				MARKETING_VERSION = 1.0;
				PRODUCT_BUNDLE_IDENTIFIER = com.yewwee.BabyLogUITests;
				PRODUCT_NAME = "$(TARGET_NAME)";
				STRING_CATALOG_GENERATE_SYMBOLS = NO;
				SWIFT_APPROACHABLE_CONCURRENCY = YES;
				SWIFT_EMIT_LOC_STRINGS = NO;
				SWIFT_UPCOMING_FEATURE_MEMBER_IMPORT_VISIBILITY = YES;
				SWIFT_VERSION = 5.0;
				TARGETED_DEVICE_FAMILY = "1,2";
				TEST_TARGET_NAME = BabyLog;
			};
			name = Debug;
		};
		8379E8052F8B0CC700A7A00E /* Release */ = {
			isa = XCBuildConfiguration;
			buildSettings = {
				CODE_SIGN_STYLE = Automatic;
				CURRENT_PROJECT_VERSION = 9;
				GENERATE_INFOPLIST_FILE = YES;
				MARKETING_VERSION = 1.0;
				PRODUCT_BUNDLE_IDENTIFIER = com.yewwee.BabyLogUITests;
				PRODUCT_NAME = "$(TARGET_NAME)";
				STRING_CATALOG_GENERATE_SYMBOLS = NO;
				SWIFT_APPROACHABLE_CONCURRENCY = YES;
				SWIFT_EMIT_LOC_STRINGS = NO;
				SWIFT_UPCOMING_FEATURE_MEMBER_IMPORT_VISIBILITY = YES;
				SWIFT_VERSION = 5.0;
				TARGETED_DEVICE_FAMILY = "1,2";
				TEST_TARGET_NAME = BabyLog;
			};
			name = Release;
		};
/* End XCBuildConfiguration section */

/* Begin XCConfigurationList section */
		8379E7D72F8B0CC500A7A00E /* Build configuration list for PBXProject "BabyLog" */ = {
			isa = XCConfigurationList;
			buildConfigurations = (
				8379E7FB2F8B0CC700A7A00E /* Debug */,
				8379E7FC2F8B0CC700A7A00E /* Release */,
			);
			defaultConfigurationIsVisible = 0;
			defaultConfigurationName = Release;
		};
		8379E7FD2F8B0CC700A7A00E /* Build configuration list for PBXNativeTarget "BabyLog" */ = {
			isa = XCConfigurationList;
			buildConfigurations = (
				8379E7FE2F8B0CC700A7A00E /* Debug */,
				8379E7FF2F8B0CC700A7A00E /* Release */,
			);
			defaultConfigurationIsVisible = 0;
			defaultConfigurationName = Release;
		};
		8379E8002F8B0CC700A7A00E /* Build configuration list for PBXNativeTarget "BabyLogTests" */ = {
			isa = XCConfigurationList;
			buildConfigurations = (
				8379E8012F8B0CC700A7A00E /* Debug */,
				8379E8022F8B0CC700A7A00E /* Release */,
			);
			defaultConfigurationIsVisible = 0;
			defaultConfigurationName = Release;
		};
		8379E8032F8B0CC700A7A00E /* Build configuration list for PBXNativeTarget "BabyLogUITests" */ = {
			isa = XCConfigurationList;
			buildConfigurations = (
				8379E8042F8B0CC700A7A00E /* Debug */,
				8379E8052F8B0CC700A7A00E /* Release */,
			);
			defaultConfigurationIsVisible = 0;
			defaultConfigurationName = Release;
		};
/* End XCConfigurationList section */

/* Begin XCLocalSwiftPackageReference section */
		8379F1A32F8B280800A7A00E /* XCLocalSwiftPackageReference "BabyLogCore" */ = {
			isa = XCLocalSwiftPackageReference;
			relativePath = BabyLogCore;
		};
/* End XCLocalSwiftPackageReference section */

/* Begin XCRemoteSwiftPackageReference section */
		A5559693A57D6D7F344583D5 /* XCRemoteSwiftPackageReference "mlx-swift-lm" */ = {
			isa = XCRemoteSwiftPackageReference;
			repositoryURL = "https://github.com/ml-explore/mlx-swift-lm";
			requirement = {
				kind = revision;
				revision = f7c5c99e54112845242b7f46d1d6335fcbe57476;
			};
		};
		B1B10000000000000000AA01 /* XCRemoteSwiftPackageReference "swift-transformers" */ = {
			isa = XCRemoteSwiftPackageReference;
			repositoryURL = "https://github.com/huggingface/swift-transformers";
			requirement = {
				kind = upToNextMajorVersion;
				minimumVersion = 1.3.0;
			};
		};
		B1B10000000000000000AA02 /* XCRemoteSwiftPackageReference "swift-huggingface" */ = {
			isa = XCRemoteSwiftPackageReference;
			repositoryURL = "https://github.com/huggingface/swift-huggingface";
			requirement = {
				kind = upToNextMinorVersion;
				minimumVersion = 0.9.0;
			};
		};
/* End XCRemoteSwiftPackageReference section */

/* Begin XCSwiftPackageProductDependency section */
		297951FA3B0C640523A91A09 /* MLXLLM */ = {
			isa = XCSwiftPackageProductDependency;
			package = A5559693A57D6D7F344583D5 /* XCRemoteSwiftPackageReference "mlx-swift-lm" */;
			productName = MLXLLM;
		};
		8379F1A42F8B280800A7A00E /* BabyLogCore */ = {
			isa = XCSwiftPackageProductDependency;
			productName = BabyLogCore;
		};
		837AE000000000000000G4HF /* MLXHuggingFace */ = {
			isa = XCSwiftPackageProductDependency;
			package = A5559693A57D6D7F344583D5 /* XCRemoteSwiftPackageReference "mlx-swift-lm" */;
			productName = MLXHuggingFace;
		};
		B2B10000000000000000AA01 /* Tokenizers */ = {
			isa = XCSwiftPackageProductDependency;
			package = B1B10000000000000000AA01 /* XCRemoteSwiftPackageReference "swift-transformers" */;
			productName = Tokenizers;
		};
		B2B10000000000000000AA02 /* Hub */ = {
			isa = XCSwiftPackageProductDependency;
			package = B1B10000000000000000AA01 /* XCRemoteSwiftPackageReference "swift-transformers" */;
			productName = Hub;
		};
		B2B10000000000000000AA03 /* HuggingFace */ = {
			isa = XCSwiftPackageProductDependency;
			package = B1B10000000000000000AA02 /* XCRemoteSwiftPackageReference "swift-huggingface" */;
			productName = HuggingFace;
		};
		C635DF1F4945355A30BDA607 /* MLXLMCommon */ = {
			isa = XCSwiftPackageProductDependency;
			package = A5559693A57D6D7F344583D5 /* XCRemoteSwiftPackageReference "mlx-swift-lm" */;
			productName = MLXLMCommon;
		};
/* End XCSwiftPackageProductDependency section */
	};
	rootObject = 8379E7D42F8B0CC500A7A00E /* Project object */;
}
